
Microsoft Visual Studio Solution File, Format Version 12.00
# Visual Studio Version 17
VisualStudioVersion = 17.10.35013.160
MinimumVisualStudioVersion = 10.0.40219.1
Project("{FAE04EC0-301F-11D3-BF4B-00C04F79EFBC}") = "Course1", "Course1.csproj", "{4F8BE2AE-FE5D-47D8-B1C1-E1009A34E704}"
EndProject
Global
	GlobalSection(SolutionConfigurationPlatforms) = preSolution
		Debug|Any CPU = Debug|Any CPU
		Release|Any CPU = Release|Any CPU
	EndGlobalSection
	GlobalSection(ProjectConfigurationPlatforms) = postSolution
		{4F8BE2AE-FE5D-47D8-B1C1-E1009A34E704}.Debug|Any CPU.ActiveCfg = Debug|Any CPU
		{4F8BE2AE-FE5D-47D8-B1C1-E1009A34E704}.Debug|Any CPU.Build.0 = Debug|Any CPU
		{4F8BE2AE-FE5D-47D8-B1C1-E1009A34E704}.Release|Any CPU.ActiveCfg = Release|Any CPU
		{4F8BE2AE-FE5D-47D8-B1C1-E1009A34E704}.Release|Any CPU.Build.0 = Release|Any CPU
	EndGlobalSection
	GlobalSection(SolutionProperties) = preSolution
		HideSolutionNode = FALSE
	EndGlobalSection
	GlobalSection(ExtensibilityGlobals) = postSolution
		SolutionGuid = {3FB48CA5-E238-486D-8B3C-C9A82EA817FF}
	EndGlobalSection
EndGlobal
