
Microsoft Visual Studio Solution File, Format Version 12.00
# Visual Studio Version 17
VisualStudioVersion = 17.10.35013.160
MinimumVisualStudioVersion = 10.0.40219.1
Project("{FAE04EC0-301F-11D3-BF4B-00C04F79EFBC}") = "Course9", "Course9.csproj", "{57E9C32C-C59C-46D2-B4C8-3EA7E12CBA52}"
EndProject
Global
	GlobalSection(SolutionConfigurationPlatforms) = preSolution
		Debug|Any CPU = Debug|Any CPU
		Release|Any CPU = Release|Any CPU
	EndGlobalSection
	GlobalSection(ProjectConfigurationPlatforms) = postSolution
		{57E9C32C-C59C-46D2-B4C8-3EA7E12CBA52}.Debug|Any CPU.ActiveCfg = Debug|Any CPU
		{57E9C32C-C59C-46D2-B4C8-3EA7E12CBA52}.Debug|Any CPU.Build.0 = Debug|Any CPU
		{57E9C32C-C59C-46D2-B4C8-3EA7E12CBA52}.Release|Any CPU.ActiveCfg = Release|Any CPU
		{57E9C32C-C59C-46D2-B4C8-3EA7E12CBA52}.Release|Any CPU.Build.0 = Release|Any CPU
	EndGlobalSection
	GlobalSection(SolutionProperties) = preSolution
		HideSolutionNode = FALSE
	EndGlobalSection
	GlobalSection(ExtensibilityGlobals) = postSolution
		SolutionGuid = {FBB40123-054A-4D28-AA7F-8B3007B5E49B}
	EndGlobalSection
EndGlobal
