
Microsoft Visual Studio Solution File, Format Version 12.00
# Visual Studio Version 17
VisualStudioVersion = 17.10.35013.160
MinimumVisualStudioVersion = 10.0.40219.1
Project("{FAE04EC0-301F-11D3-BF4B-00C04F79EFBC}") = "Couser", "Couser.csproj", "{4FE58793-2C21-4B21-A201-3DEA5A003485}"
EndProject
Global
	GlobalSection(SolutionConfigurationPlatforms) = preSolution
		Debug|Any CPU = Debug|Any CPU
		Release|Any CPU = Release|Any CPU
	EndGlobalSection
	GlobalSection(ProjectConfigurationPlatforms) = postSolution
		{4FE58793-2C21-4B21-A201-3DEA5A003485}.Debug|Any CPU.ActiveCfg = Debug|Any CPU
		{4FE58793-2C21-4B21-A201-3DEA5A003485}.Debug|Any CPU.Build.0 = Debug|Any CPU
		{4FE58793-2C21-4B21-A201-3DEA5A003485}.Release|Any CPU.ActiveCfg = Release|Any CPU
		{4FE58793-2C21-4B21-A201-3DEA5A003485}.Release|Any CPU.Build.0 = Release|Any CPU
	EndGlobalSection
	GlobalSection(SolutionProperties) = preSolution
		HideSolutionNode = FALSE
	EndGlobalSection
	GlobalSection(ExtensibilityGlobals) = postSolution
		SolutionGuid = {34AD4376-AF05-4618-AB9E-1507F03BDDC9}
	EndGlobalSection
EndGlobal
