
Microsoft Visual Studio Solution File, Format Version 12.00
# Visual Studio Version 17
VisualStudioVersion = 17.10.35013.160
MinimumVisualStudioVersion = 10.0.40219.1
Project("{FAE04EC0-301F-11D3-BF4B-00C04F79EFBC}") = "Courser7", "Courser7.csproj", "{8B93429E-8B9F-45B9-AB1B-E6B791BB840D}"
EndProject
Global
	GlobalSection(SolutionConfigurationPlatforms) = preSolution
		Debug|Any CPU = Debug|Any CPU
		Release|Any CPU = Release|Any CPU
	EndGlobalSection
	GlobalSection(ProjectConfigurationPlatforms) = postSolution
		{8B93429E-8B9F-45B9-AB1B-E6B791BB840D}.Debug|Any CPU.ActiveCfg = Debug|Any CPU
		{8B93429E-8B9F-45B9-AB1B-E6B791BB840D}.Debug|Any CPU.Build.0 = Debug|Any CPU
		{8B93429E-8B9F-45B9-AB1B-E6B791BB840D}.Release|Any CPU.ActiveCfg = Release|Any CPU
		{8B93429E-8B9F-45B9-AB1B-E6B791BB840D}.Release|Any CPU.Build.0 = Release|Any CPU
	EndGlobalSection
	GlobalSection(SolutionProperties) = preSolution
		HideSolutionNode = FALSE
	EndGlobalSection
	GlobalSection(ExtensibilityGlobals) = postSolution
		SolutionGuid = {D837DE5C-DFF1-4573-A805-3F9FB6DD075C}
	EndGlobalSection
EndGlobal
