
Microsoft Visual Studio Solution File, Format Version 12.00
# Visual Studio Version 17
VisualStudioVersion = 17.10.35013.160
MinimumVisualStudioVersion = 10.0.40219.1
Project("{FAE04EC0-301F-11D3-BF4B-00C04F79EFBC}") = "Course16", "Course16.csproj", "{1405E4FA-7094-439F-A822-0D6B07F3447C}"
EndProject
Global
	GlobalSection(SolutionConfigurationPlatforms) = preSolution
		Debug|Any CPU = Debug|Any CPU
		Release|Any CPU = Release|Any CPU
	EndGlobalSection
	GlobalSection(ProjectConfigurationPlatforms) = postSolution
		{1405E4FA-7094-439F-A822-0D6B07F3447C}.Debug|Any CPU.ActiveCfg = Debug|Any CPU
		{1405E4FA-7094-439F-A822-0D6B07F3447C}.Debug|Any CPU.Build.0 = Debug|Any CPU
		{1405E4FA-7094-439F-A822-0D6B07F3447C}.Release|Any CPU.ActiveCfg = Release|Any CPU
		{1405E4FA-7094-439F-A822-0D6B07F3447C}.Release|Any CPU.Build.0 = Release|Any CPU
	EndGlobalSection
	GlobalSection(SolutionProperties) = preSolution
		HideSolutionNode = FALSE
	EndGlobalSection
	GlobalSection(ExtensibilityGlobals) = postSolution
		SolutionGuid = {DCE24D1A-5D53-4040-B9BD-399C63C950BC}
	EndGlobalSection
EndGlobal
